{
  "version": 4,
  "terraform_version": "1.10.0",
  "serial": 19,
  "lineage": "973a3733-9a8c-6292-c0ce-4d9fe967b7a7",
  "outputs": {},
  "resources": [
    {
      "mode": "managed",
      "type": "aws_vpc",
      "name": "vpc-us-east-1",
      "provider": "provider[\"registry.terraform.io/hashicorp/aws\"]",
      "instances": [
        {
          "schema_version": 1,
          "attributes": {
            "arn": "arn:aws:ec2:us-east-1:072262450408:vpc/vpc-0b32758b401ed1b78",
            "assign_generated_ipv6_cidr_block": false,
            "cidr_block": "10.1.0.0/16",
            "default_network_acl_id": "acl-06f5931b536243f27",
            "default_route_table_id": "rtb-06abc629e98795ed0",
            "default_security_group_id": "sg-0e527e04740507afe",
            "dhcp_options_id": "dopt-c040a4bd",
            "enable_dns_hostnames": false,
            "enable_dns_support": true,
            "enable_network_address_usage_metrics": false,
            "id": "vpc-0b32758b401ed1b78",
            "instance_tenancy": "default",
            "ipv4_ipam_pool_id": null,
            "ipv4_netmask_length": null,
            "ipv6_association_id": "",
            "ipv6_cidr_block": "",
            "ipv6_cidr_block_network_border_group": "",
            "ipv6_ipam_pool_id": "",
            "ipv6_netmask_length": 0,
            "main_route_table_id": "rtb-06abc629e98795ed0",
            "owner_id": "072262450408",
            "tags": {
              "Name": "vpc-us-east-1",
              "owner": "tashdid"
            },
            "tags_all": {
              "Name": "vpc-us-east-1",
              "owner": "tashdid"
            }
          },
          "sensitive_attributes": [],
          "private": "eyJzY2hlbWFfdmVyc2lvbiI6IjEifQ=="
        }
      ]
    },
    {
      "mode": "managed",
      "type": "aws_vpc",
      "name": "vpc-us-west-1",
      "provider": "provider[\"registry.terraform.io/hashicorp/aws\"].alifa",
      "instances": [
        {
          "schema_version": 1,
          "attributes": {
            "arn": "arn:aws:ec2:us-west-1:072262450408:vpc/vpc-0cfb1cb42a044e0dd",
            "assign_generated_ipv6_cidr_block": false,
            "cidr_block": "10.2.0.0/16",
            "default_network_acl_id": "acl-0002f63bb182795f8",
            "default_route_table_id": "rtb-0c60ba4b4184558a4",
            "default_security_group_id": "sg-02114ce7a85866b5b",
            "dhcp_options_id": "dopt-952cf6f3",
            "enable_dns_hostnames": false,
            "enable_dns_support": true,
            "enable_network_address_usage_metrics": false,
            "id": "vpc-0cfb1cb42a044e0dd",
            "instance_tenancy": "default",
            "ipv4_ipam_pool_id": null,
            "ipv4_netmask_length": null,
            "ipv6_association_id": "",
            "ipv6_cidr_block": "",
            "ipv6_cidr_block_network_border_group": "",
            "ipv6_ipam_pool_id": "",
            "ipv6_netmask_length": 0,
            "main_route_table_id": "rtb-0c60ba4b4184558a4",
            "owner_id": "072262450408",
            "tags": {
              "Name": "vpc-us-west-1"
            },
            "tags_all": {
              "Name": "vpc-us-west-1"
            }
          },
          "sensitive_attributes": [],
          "private": "eyJzY2hlbWFfdmVyc2lvbiI6IjEifQ=="
        }
      ]
    }
  ],
  "check_results": null
}
